
Microsoft Visual Studio Solution File, Format Version 11.00
# Visual Studio 2010
Project("{FAE04EC0-301F-11D3-BF4B-00C04F79EFBC}") = "Unity.Timeline", "Unity.Timeline.csproj", "{fe0fab45-9ab5-80a2-abc1-b3ee99dd6ba4}"
EndProject
Project("{FAE04EC0-301F-11D3-BF4B-00C04F79EFBC}") = "Unity.Timeline.Editor", "Unity.Timeline.Editor.csproj", "{34a24b39-8c5c-4e42-9698-36c9585d9666}"
EndProject
Project("{FAE04EC0-301F-11D3-BF4B-00C04F79EFBC}") = "Unity.TextMeshPro.Editor", "Unity.TextMeshPro.Editor.csproj", "{025609a5-2bab-92ec-c2c1-39c96359fa56}"
EndProject
Project("{FAE04EC0-301F-11D3-BF4B-00C04F79EFBC}") = "Unity.VisualScripting.Flow", "Unity.VisualScripting.Flow.csproj", "{75a35d04-80ab-080c-5960-d0cafd36ff1e}"
EndProject
Project("{FAE04EC0-301F-11D3-BF4B-00C04F79EFBC}") = "Unity.PlasticSCM.Editor", "Unity.PlasticSCM.Editor.csproj", "{b639fb65-579b-e130-aa70-dc27f16f50b0}"
EndProject
Project("{FAE04EC0-301F-11D3-BF4B-00C04F79EFBC}") = "Unity.VisualScripting.Core", "Unity.VisualScripting.Core.csproj", "{e80fbb8e-b930-051c-0312-065bc206963c}"
EndProject
Project("{FAE04EC0-301F-11D3-BF4B-00C04F79EFBC}") = "Unity.VisualScripting.Core.Editor", "Unity.VisualScripting.Core.Editor.csproj", "{c5ed3520-a763-56f3-3395-bc059575124f}"
EndProject
Project("{FAE04EC0-301F-11D3-BF4B-00C04F79EFBC}") = "Unity.VisualScripting.Flow.Editor", "Unity.VisualScripting.Flow.Editor.csproj", "{a870754a-45ef-7fb8-8b21-b740643ffbe1}"
EndProject
Project("{FAE04EC0-301F-11D3-BF4B-00C04F79EFBC}") = "UnityEditor.TestRunner", "UnityEditor.TestRunner.csproj", "{7dda9289-9aae-6009-eb9f-2d81ef2909aa}"
EndProject
Project("{FAE04EC0-301F-11D3-BF4B-00C04F79EFBC}") = "Unity.VisualScripting.SettingsProvider.Editor", "Unity.VisualScripting.SettingsProvider.Editor.csproj", "{dcc1f2de-d51d-0d80-5dc3-ebdbe3f7ebb8}"
EndProject
Project("{FAE04EC0-301F-11D3-BF4B-00C04F79EFBC}") = "UnityEngine.TestRunner", "UnityEngine.TestRunner.csproj", "{fd19f69a-56df-06ff-e770-ac71a9e72c4a}"
EndProject
Project("{FAE04EC0-301F-11D3-BF4B-00C04F79EFBC}") = "Unity.VisualStudio.Editor", "Unity.VisualStudio.Editor.csproj", "{6ff02131-1271-aa3f-4e95-951051706a52}"
EndProject
Project("{FAE04EC0-301F-11D3-BF4B-00C04F79EFBC}") = "Unity.TestTools.CodeCoverage.Editor.OpenCover.Model", "Unity.TestTools.CodeCoverage.Editor.OpenCover.Model.csproj", "{fcf647dd-ff2f-8941-7cad-4cb8319c82ef}"
EndProject
Project("{FAE04EC0-301F-11D3-BF4B-00C04F79EFBC}") = "Unity.Rider.Editor", "Unity.Rider.Editor.csproj", "{44890275-d467-d91b-a1ad-9f4eb4721c99}"
EndProject
Project("{FAE04EC0-301F-11D3-BF4B-00C04F79EFBC}") = "Unity.VisualScripting.State.Editor", "Unity.VisualScripting.State.Editor.csproj", "{bcd992e8-70dd-966d-9154-9dbdfe4a08a3}"
EndProject
Project("{FAE04EC0-301F-11D3-BF4B-00C04F79EFBC}") = "Unity.TestTools.CodeCoverage.Editor", "Unity.TestTools.CodeCoverage.Editor.csproj", "{63cd5887-8ce0-611f-a21d-dc20b019047d}"
EndProject
Project("{FAE04EC0-301F-11D3-BF4B-00C04F79EFBC}") = "Unity.VisualScripting.State", "Unity.VisualScripting.State.csproj", "{99e6dc8d-eec2-5f28-8973-b951376d5551}"
EndProject
Project("{FAE04EC0-301F-11D3-BF4B-00C04F79EFBC}") = "Unity.TextMeshPro", "Unity.TextMeshPro.csproj", "{209dbcaf-62b4-50cf-0219-5f07475e0640}"
EndProject
Project("{FAE04EC0-301F-11D3-BF4B-00C04F79EFBC}") = "Unity.Performance.Profile-Analyzer.Editor", "Unity.Performance.Profile-Analyzer.Editor.csproj", "{57ed201a-5e05-7b8f-1353-91498ab4b282}"
EndProject
Project("{FAE04EC0-301F-11D3-BF4B-00C04F79EFBC}") = "Unity.VSCode.Editor", "Unity.VSCode.Editor.csproj", "{43a5ad6d-2200-71ed-12fb-b32f57d4c43f}"
EndProject
Project("{FAE04EC0-301F-11D3-BF4B-00C04F79EFBC}") = "Unity.TestTools.CodeCoverage.Editor.OpenCover.Mono.Reflection", "Unity.TestTools.CodeCoverage.Editor.OpenCover.Mono.Reflection.csproj", "{a6f397a3-6ef9-8c6d-3e8b-d4d710869d52}"
EndProject
Project("{FAE04EC0-301F-11D3-BF4B-00C04F79EFBC}") = "Unity.Settings.Editor", "Unity.Settings.Editor.csproj", "{2e6c4db6-9c6b-0c60-1808-24e0ae01ad82}"
EndProject
Project("{FAE04EC0-301F-11D3-BF4B-00C04F79EFBC}") = "Unity.EditorCoroutines.Editor", "Unity.EditorCoroutines.Editor.csproj", "{eebf49a1-e242-2f7b-106d-4d869837f641}"
EndProject
Project("{FAE04EC0-301F-11D3-BF4B-00C04F79EFBC}") = "Unity.VisualScripting.Shared.Editor", "Unity.VisualScripting.Shared.Editor.csproj", "{5eec86c3-08ef-4951-8380-ec266bd8cbee}"
EndProject
Project("{FAE04EC0-301F-11D3-BF4B-00C04F79EFBC}") = "Unity.CollabProxy.Editor", "Unity.CollabProxy.Editor.csproj", "{a2d517c6-8689-bcf5-ed3f-7692457d824a}"
EndProject
Project("{FAE04EC0-301F-11D3-BF4B-00C04F79EFBC}") = "Assembly-CSharp-Editor", "Assembly-CSharp-Editor.csproj", "{2e1490eb-800e-c114-9447-fe8224defb94}"
EndProject
Project("{FAE04EC0-301F-11D3-BF4B-00C04F79EFBC}") = "Assembly-CSharp", "Assembly-CSharp.csproj", "{a642d0d1-fb22-29d4-f0dd-00c0e605e18d}"
EndProject
Project("{FAE04EC0-301F-11D3-BF4B-00C04F79EFBC}") = "Unity.TestTools.CodeCoverage.Editor.Compatibility", "Unity.TestTools.CodeCoverage.Editor.Compatibility.csproj", "{7d499c14-0778-24a6-0e63-c2a158a2b3d0}"
EndProject
Project("{FAE04EC0-301F-11D3-BF4B-00C04F79EFBC}") = "Unity.TextMeshPro.Editor.Tests", "Unity.TextMeshPro.Editor.Tests.csproj", "{629fa8e6-d37f-884e-204e-35489db456e3}"
EndProject
Project("{FAE04EC0-301F-11D3-BF4B-00C04F79EFBC}") = "DocCodeExamples", "DocCodeExamples.csproj", "{6ead2748-98bf-7a41-ff47-c8b5cc5bfd55}"
EndProject
Project("{FAE04EC0-301F-11D3-BF4B-00C04F79EFBC}") = "Unity.Performance.Profile-Analyzer.EditorTests", "Unity.Performance.Profile-Analyzer.EditorTests.csproj", "{a9be6a87-a350-0c5c-a997-f71bbf1ed6db}"
EndProject
Project("{FAE04EC0-301F-11D3-BF4B-00C04F79EFBC}") = "Unity.Settings.Tests", "Unity.Settings.Tests.csproj", "{1e418fcb-085f-be7a-6865-0c917fa78517}"
EndProject
Project("{FAE04EC0-301F-11D3-BF4B-00C04F79EFBC}") = "Unity.TextMeshPro.Tests", "Unity.TextMeshPro.Tests.csproj", "{147b45ae-a520-2360-5d93-6b7368cbe8d2}"
EndProject
Global
	GlobalSection(SolutionConfigurationPlatforms) = preSolution
		Debug|Any CPU = Debug|Any CPU
	EndGlobalSection
	GlobalSection(ProjectConfigurationPlatforms) = postSolution
		{fe0fab45-9ab5-80a2-abc1-b3ee99dd6ba4}.Debug|Any CPU.ActiveCfg = Debug|Any CPU
		{fe0fab45-9ab5-80a2-abc1-b3ee99dd6ba4}.Debug|Any CPU.Build.0 = Debug|Any CPU
		{34a24b39-8c5c-4e42-9698-36c9585d9666}.Debug|Any CPU.ActiveCfg = Debug|Any CPU
		{34a24b39-8c5c-4e42-9698-36c9585d9666}.Debug|Any CPU.Build.0 = Debug|Any CPU
		{025609a5-2bab-92ec-c2c1-39c96359fa56}.Debug|Any CPU.ActiveCfg = Debug|Any CPU
		{025609a5-2bab-92ec-c2c1-39c96359fa56}.Debug|Any CPU.Build.0 = Debug|Any CPU
		{75a35d04-80ab-080c-5960-d0cafd36ff1e}.Debug|Any CPU.ActiveCfg = Debug|Any CPU
		{75a35d04-80ab-080c-5960-d0cafd36ff1e}.Debug|Any CPU.Build.0 = Debug|Any CPU
		{b639fb65-579b-e130-aa70-dc27f16f50b0}.Debug|Any CPU.ActiveCfg = Debug|Any CPU
		{b639fb65-579b-e130-aa70-dc27f16f50b0}.Debug|Any CPU.Build.0 = Debug|Any CPU
		{e80fbb8e-b930-051c-0312-065bc206963c}.Debug|Any CPU.ActiveCfg = Debug|Any CPU
		{e80fbb8e-b930-051c-0312-065bc206963c}.Debug|Any CPU.Build.0 = Debug|Any CPU
		{c5ed3520-a763-56f3-3395-bc059575124f}.Debug|Any CPU.ActiveCfg = Debug|Any CPU
		{c5ed3520-a763-56f3-3395-bc059575124f}.Debug|Any CPU.Build.0 = Debug|Any CPU
		{a870754a-45ef-7fb8-8b21-b740643ffbe1}.Debug|Any CPU.ActiveCfg = Debug|Any CPU
		{a870754a-45ef-7fb8-8b21-b740643ffbe1}.Debug|Any CPU.Build.0 = Debug|Any CPU
		{7dda9289-9aae-6009-eb9f-2d81ef2909aa}.Debug|Any CPU.ActiveCfg = Debug|Any CPU
		{7dda9289-9aae-6009-eb9f-2d81ef2909aa}.Debug|Any CPU.Build.0 = Debug|Any CPU
		{dcc1f2de-d51d-0d80-5dc3-ebdbe3f7ebb8}.Debug|Any CPU.ActiveCfg = Debug|Any CPU
		{dcc1f2de-d51d-0d80-5dc3-ebdbe3f7ebb8}.Debug|Any CPU.Build.0 = Debug|Any CPU
		{fd19f69a-56df-06ff-e770-ac71a9e72c4a}.Debug|Any CPU.ActiveCfg = Debug|Any CPU
		{fd19f69a-56df-06ff-e770-ac71a9e72c4a}.Debug|Any CPU.Build.0 = Debug|Any CPU
		{6ff02131-1271-aa3f-4e95-951051706a52}.Debug|Any CPU.ActiveCfg = Debug|Any CPU
		{6ff02131-1271-aa3f-4e95-951051706a52}.Debug|Any CPU.Build.0 = Debug|Any CPU
		{fcf647dd-ff2f-8941-7cad-4cb8319c82ef}.Debug|Any CPU.ActiveCfg = Debug|Any CPU
		{fcf647dd-ff2f-8941-7cad-4cb8319c82ef}.Debug|Any CPU.Build.0 = Debug|Any CPU
		{44890275-d467-d91b-a1ad-9f4eb4721c99}.Debug|Any CPU.ActiveCfg = Debug|Any CPU
		{44890275-d467-d91b-a1ad-9f4eb4721c99}.Debug|Any CPU.Build.0 = Debug|Any CPU
		{bcd992e8-70dd-966d-9154-9dbdfe4a08a3}.Debug|Any CPU.ActiveCfg = Debug|Any CPU
		{bcd992e8-70dd-966d-9154-9dbdfe4a08a3}.Debug|Any CPU.Build.0 = Debug|Any CPU
		{63cd5887-8ce0-611f-a21d-dc20b019047d}.Debug|Any CPU.ActiveCfg = Debug|Any CPU
		{63cd5887-8ce0-611f-a21d-dc20b019047d}.Debug|Any CPU.Build.0 = Debug|Any CPU
		{99e6dc8d-eec2-5f28-8973-b951376d5551}.Debug|Any CPU.ActiveCfg = Debug|Any CPU
		{99e6dc8d-eec2-5f28-8973-b951376d5551}.Debug|Any CPU.Build.0 = Debug|Any CPU
		{209dbcaf-62b4-50cf-0219-5f07475e0640}.Debug|Any CPU.ActiveCfg = Debug|Any CPU
		{209dbcaf-62b4-50cf-0219-5f07475e0640}.Debug|Any CPU.Build.0 = Debug|Any CPU
		{57ed201a-5e05-7b8f-1353-91498ab4b282}.Debug|Any CPU.ActiveCfg = Debug|Any CPU
		{57ed201a-5e05-7b8f-1353-91498ab4b282}.Debug|Any CPU.Build.0 = Debug|Any CPU
		{43a5ad6d-2200-71ed-12fb-b32f57d4c43f}.Debug|Any CPU.ActiveCfg = Debug|Any CPU
		{43a5ad6d-2200-71ed-12fb-b32f57d4c43f}.Debug|Any CPU.Build.0 = Debug|Any CPU
		{a6f397a3-6ef9-8c6d-3e8b-d4d710869d52}.Debug|Any CPU.ActiveCfg = Debug|Any CPU
		{a6f397a3-6ef9-8c6d-3e8b-d4d710869d52}.Debug|Any CPU.Build.0 = Debug|Any CPU
		{2e6c4db6-9c6b-0c60-1808-24e0ae01ad82}.Debug|Any CPU.ActiveCfg = Debug|Any CPU
		{2e6c4db6-9c6b-0c60-1808-24e0ae01ad82}.Debug|Any CPU.Build.0 = Debug|Any CPU
		{eebf49a1-e242-2f7b-106d-4d869837f641}.Debug|Any CPU.ActiveCfg = Debug|Any CPU
		{eebf49a1-e242-2f7b-106d-4d869837f641}.Debug|Any CPU.Build.0 = Debug|Any CPU
		{5eec86c3-08ef-4951-8380-ec266bd8cbee}.Debug|Any CPU.ActiveCfg = Debug|Any CPU
		{5eec86c3-08ef-4951-8380-ec266bd8cbee}.Debug|Any CPU.Build.0 = Debug|Any CPU
		{a2d517c6-8689-bcf5-ed3f-7692457d824a}.Debug|Any CPU.ActiveCfg = Debug|Any CPU
		{a2d517c6-8689-bcf5-ed3f-7692457d824a}.Debug|Any CPU.Build.0 = Debug|Any CPU
		{2e1490eb-800e-c114-9447-fe8224defb94}.Debug|Any CPU.ActiveCfg = Debug|Any CPU
		{2e1490eb-800e-c114-9447-fe8224defb94}.Debug|Any CPU.Build.0 = Debug|Any CPU
		{a642d0d1-fb22-29d4-f0dd-00c0e605e18d}.Debug|Any CPU.ActiveCfg = Debug|Any CPU
		{a642d0d1-fb22-29d4-f0dd-00c0e605e18d}.Debug|Any CPU.Build.0 = Debug|Any CPU
		{7d499c14-0778-24a6-0e63-c2a158a2b3d0}.Debug|Any CPU.ActiveCfg = Debug|Any CPU
		{7d499c14-0778-24a6-0e63-c2a158a2b3d0}.Debug|Any CPU.Build.0 = Debug|Any CPU
		{629fa8e6-d37f-884e-204e-35489db456e3}.Debug|Any CPU.ActiveCfg = Debug|Any CPU
		{629fa8e6-d37f-884e-204e-35489db456e3}.Debug|Any CPU.Build.0 = Debug|Any CPU
		{6ead2748-98bf-7a41-ff47-c8b5cc5bfd55}.Debug|Any CPU.ActiveCfg = Debug|Any CPU
		{6ead2748-98bf-7a41-ff47-c8b5cc5bfd55}.Debug|Any CPU.Build.0 = Debug|Any CPU
		{a9be6a87-a350-0c5c-a997-f71bbf1ed6db}.Debug|Any CPU.ActiveCfg = Debug|Any CPU
		{a9be6a87-a350-0c5c-a997-f71bbf1ed6db}.Debug|Any CPU.Build.0 = Debug|Any CPU
		{1e418fcb-085f-be7a-6865-0c917fa78517}.Debug|Any CPU.ActiveCfg = Debug|Any CPU
		{1e418fcb-085f-be7a-6865-0c917fa78517}.Debug|Any CPU.Build.0 = Debug|Any CPU
		{147b45ae-a520-2360-5d93-6b7368cbe8d2}.Debug|Any CPU.ActiveCfg = Debug|Any CPU
		{147b45ae-a520-2360-5d93-6b7368cbe8d2}.Debug|Any CPU.Build.0 = Debug|Any CPU
	EndGlobalSection
	GlobalSection(SolutionProperties) = preSolution
		HideSolutionNode = FALSE
	EndGlobalSection
EndGlobal
